
Microsoft Visual Studio Solution File, Format Version 12.00
# Visual Studio Version 17
VisualStudioVersion = 17.9.34616.47
MinimumVisualStudioVersion = 10.0.40219.1
Project("{FAE04EC0-301F-11D3-BF4B-00C04F79EFBC}") = "Project_EOS", "Project_EOS\Project_EOS.csproj", "{B6D75062-3AAE-495A-B5E4-33D9EC3970F8}"
EndProject
Global
	GlobalSection(SolutionConfigurationPlatforms) = preSolution
		Debug|Any CPU = Debug|Any CPU
		Release|Any CPU = Release|Any CPU
	EndGlobalSection
	GlobalSection(ProjectConfigurationPlatforms) = postSolution
		{B6D75062-3AAE-495A-B5E4-33D9EC3970F8}.Debug|Any CPU.ActiveCfg = Debug|Any CPU
		{B6D75062-3AAE-495A-B5E4-33D9EC3970F8}.Debug|Any CPU.Build.0 = Debug|Any CPU
		{B6D75062-3AAE-495A-B5E4-33D9EC3970F8}.Release|Any CPU.ActiveCfg = Release|Any CPU
		{B6D75062-3AAE-495A-B5E4-33D9EC3970F8}.Release|Any CPU.Build.0 = Release|Any CPU
	EndGlobalSection
	GlobalSection(SolutionProperties) = preSolution
		HideSolutionNode = FALSE
	EndGlobalSection
	GlobalSection(ExtensibilityGlobals) = postSolution
		SolutionGuid = {27588590-AAFC-4D32-8636-5C0ECF3CF8BA}
	EndGlobalSection
EndGlobal
